# THIS IS AN AUTOGENERATED FILE. DO NOT EDIT THIS FILE DIRECTLY.
# yarn lockfile v1


dotenv@^16.3.1:
  version "16.3.1"
  resolved "https://registry.yarnpkg.com/dotenv/-/dotenv-16.3.1.tgz#369034de7d7e5b120972693352a3bf112172cc3e"
  integrity sha512-IPzF4w4/Rd94bA9imS68tZBaYyBWSCE47V1RGuMrB94iyTOIEwRmVL2x/4An+6mETpLrKJ5hQkB8W4kFAadeIQ==

kleur@^4.1.0:
  version "4.1.5"
  resolved "https://registry.yarnpkg.com/kleur/-/kleur-4.1.5.tgz#95106101795f7050c6c650f350c683febddb1780"
  integrity sha512-o+NO+8WrRiQEE4/7nwRJhN1HWpVmJm511pBHUxPLtp0BUISzlBplORYSmTclCnJvQq2tKu/sgl3xVpkc7ZWuQQ==

ley@^0.8.1:
  version "0.8.1"
  resolved "https://registry.yarnpkg.com/ley/-/ley-0.8.1.tgz#6e9b750f9850d87f65e7a2f4390900fa4c653a28"
  integrity sha512-8Nd5uzie4PxiEJcQNv5YL1IQCMzye/0sE8VPB4KczJkyd44NfDyK/7Vbmp9eHYt+dJ4hxaXy+gF4DORSxYGArg==
  dependencies:
    kleur "^4.1.0"
    mk-dirs "^3.0.0"
    sade "^1.7.0"
    totalist "^2.0.0"

mk-dirs@^3.0.0:
  version "3.0.0"
  resolved "https://registry.yarnpkg.com/mk-dirs/-/mk-dirs-3.0.0.tgz#1a0296e04ae5c2e5063db4089907efbdff79b7c4"
  integrity sha512-FEZDdUFb88hgdnsfAPa4VxcPVOd+8GyZ2jsI965im5bjBlBYhrvXuTqLka/UHa6YdUNN/kZBsVgofhZ3322AJw==

mri@^1.1.0:
  version "1.2.0"
  resolved "https://registry.yarnpkg.com/mri/-/mri-1.2.0.tgz#6721480fec2a11a4889861115a48b6cbe7cc8f0b"
  integrity sha512-tzzskb3bG8LvYGFF/mDTpq3jpI6Q9wc3LEmBaghu+DdCssd1FakN7Bc0hVNmEyGq1bq3RgfkCb3cmQLpNPOroA==

postgres@^3.3.5:
  version "3.3.5"
  resolved "https://registry.yarnpkg.com/postgres/-/postgres-3.3.5.tgz#8431605aae2112759d50e362fc08759165455677"
  integrity sha512-+JD93VELV9gHkqpV5gdL5/70HdGtEw4/XE1S4BC8f1mcPmdib3K5XsKVbnR1XcAyC41zOnifJ+9YRKxdIsXiUw==

sade@^1.7.0:
  version "1.8.1"
  resolved "https://registry.yarnpkg.com/sade/-/sade-1.8.1.tgz#0a78e81d658d394887be57d2a409bf703a3b2701"
  integrity sha512-xal3CZX1Xlo/k4ApwCFrHVACi9fBqJ7V+mwhBsuf/1IOKbBy098Fex+Wa/5QMubw09pSZ/u8EY8PWgevJsXp1A==
  dependencies:
    mri "^1.1.0"

totalist@^2.0.0:
  version "2.0.0"
  resolved "https://registry.yarnpkg.com/totalist/-/totalist-2.0.0.tgz#db6f1e19c0fa63e71339bbb8fba89653c18c7eec"
  integrity sha512-+Y17F0YzxfACxTyjfhnJQEe7afPA0GSpYlFkl2VFMxYP7jshQf9gXV7cH47EfToBumFThfKBvfAcoUn6fdNeRQ==
